
Microsoft Visual Studio Solution File, Format Version 12.00
# Visual Studio Version 16
VisualStudioVersion = 16.0.30320.27
MinimumVisualStudioVersion = 10.0.40219.1
Project("{FAE04EC0-301F-11D3-BF4B-00C04F79EFBC}") = "CommonControls", "CommonControls\CommonControls.csproj", "{B8413FAD-6D5A-4F94-AE93-21B482FF5D7A}"
EndProject
Project("{FAE04EC0-301F-11D3-BF4B-00C04F79EFBC}") = "CommonMethods", "CommonMethods\CommonMethods.csproj", "{267C6D2A-2041-477A-AE04-668D32D8BB9E}"
EndProject
Project("{FAE04EC0-301F-11D3-BF4B-00C04F79EFBC}") = "Multithreading", "Multithreading\Multithreading.csproj", "{2E842722-45C2-4DE5-883B-871FA9A6B28B}"
EndProject
Project("{FAE04EC0-301F-11D3-BF4B-00C04F79EFBC}") = "Algorithm", "Algorithm\Algorithm.csproj", "{9EEAF8C0-8D44-4BF7-A10A-9B1CE860DBD7}"
EndProject
Project("{FAE04EC0-301F-11D3-BF4B-00C04F79EFBC}") = "ConsoleApp", "ConsoleApp\ConsoleApp.csproj", "{130CE082-2499-478C-AD28-98C97A583969}"
EndProject
Project("{FAE04EC0-301F-11D3-BF4B-00C04F79EFBC}") = "QuartzNet", "QuartzNet\QuartzNet.csproj", "{1A98A169-5288-436A-8769-C27869C287D4}"
EndProject
Project("{FAE04EC0-301F-11D3-BF4B-00C04F79EFBC}") = "FIleHelpers", "FIleHelpers\FIleHelpers.csproj", "{8C7C46DF-9E15-4D92-92DF-16CBD53829B3}"
EndProject
Project("{9A19103F-16F7-4668-BE54-9A1E7A4F7556}") = "UnitTestProject", "UnitTestProject\UnitTestProject.csproj", "{59A601B3-808D-48E1-8894-5F951377D03E}"
EndProject
Project("{FAE04EC0-301F-11D3-BF4B-00C04F79EFBC}") = "AlgorithmTests1", "AlgorithmTests1\AlgorithmTests1.csproj", "{5ACFDB3C-DA1C-43DB-B0F5-BEC463AE11E5}"
EndProject
Project("{2150E333-8FDC-42A3-9474-1A3956D46DE8}") = "AlgorithmPro", "AlgorithmPro", "{0EEAA7C1-A78E-45AF-87C9-6C30019D0B61}"
EndProject
Project("{2150E333-8FDC-42A3-9474-1A3956D46DE8}") = "DapperExPro", "DapperExPro", "{672FCAD5-9AF0-4D6B-B86C-7820E4A68B78}"
EndProject
Project("{FAE04EC0-301F-11D3-BF4B-00C04F79EFBC}") = "Test", "Test\Test.csproj", "{4740B71B-B135-4323-BD97-5DFD02E6C6C3}"
EndProject
Project("{FAE04EC0-301F-11D3-BF4B-00C04F79EFBC}") = "DapperEx", "DapperEx\DapperEx.csproj", "{391263CD-557B-4111-BA98-9B4E86DC733E}"
EndProject
Project("{FAE04EC0-301F-11D3-BF4B-00C04F79EFBC}") = "FileSystemWatcher", "FileSystemWatcher\FileSystemWatcher.csproj", "{03E7A68D-CEB0-4F0F-8A8D-DA5F3E092A1F}"
EndProject
Project("{FAE04EC0-301F-11D3-BF4B-00C04F79EFBC}") = "ConfigurationCenter", "ConfigurationCenter\ConfigurationCenter.csproj", "{E43BDDF0-11E5-4657-B428-A3ECD85133B3}"
EndProject
Project("{FAE04EC0-301F-11D3-BF4B-00C04F79EFBC}") = "MQ", "MQ\MQ.csproj", "{17233A9A-4B27-4A1B-8773-A8C5AD18F1CF}"
EndProject
Project("{FAE04EC0-301F-11D3-BF4B-00C04F79EFBC}") = "TaskEx", "TaskEx\TaskEx.csproj", "{F9E30FBB-779D-45FA-9F8D-CCD6F40BF013}"
EndProject
Project("{FAE04EC0-301F-11D3-BF4B-00C04F79EFBC}") = "ConsoleTest", "ConsoleTest\ConsoleTest.csproj", "{4DC80D47-2881-4226-B4D2-EEFCCFE27A0F}"
EndProject
Project("{FAE04EC0-301F-11D3-BF4B-00C04F79EFBC}") = "CsHook1", "CsHook1\CsHook1.csproj", "{7C20E97C-7824-4E21-9167-5916D1C483EF}"
EndProject
Project("{FAE04EC0-301F-11D3-BF4B-00C04F79EFBC}") = "Gma.UserActivityMonitor", "Gma.UserActivityMonitor\Gma.UserActivityMonitor.csproj", "{F52AA97E-180A-40ED-8F2B-09080171D6C7}"
EndProject
Global
	GlobalSection(SolutionConfigurationPlatforms) = preSolution
		Debug|Any CPU = Debug|Any CPU
		Release|Any CPU = Release|Any CPU
	EndGlobalSection
	GlobalSection(ProjectConfigurationPlatforms) = postSolution
		{B8413FAD-6D5A-4F94-AE93-21B482FF5D7A}.Debug|Any CPU.ActiveCfg = Debug|Any CPU
		{B8413FAD-6D5A-4F94-AE93-21B482FF5D7A}.Debug|Any CPU.Build.0 = Debug|Any CPU
		{B8413FAD-6D5A-4F94-AE93-21B482FF5D7A}.Release|Any CPU.ActiveCfg = Release|Any CPU
		{B8413FAD-6D5A-4F94-AE93-21B482FF5D7A}.Release|Any CPU.Build.0 = Release|Any CPU
		{267C6D2A-2041-477A-AE04-668D32D8BB9E}.Debug|Any CPU.ActiveCfg = Debug|Any CPU
		{267C6D2A-2041-477A-AE04-668D32D8BB9E}.Debug|Any CPU.Build.0 = Debug|Any CPU
		{267C6D2A-2041-477A-AE04-668D32D8BB9E}.Release|Any CPU.ActiveCfg = Release|Any CPU
		{267C6D2A-2041-477A-AE04-668D32D8BB9E}.Release|Any CPU.Build.0 = Release|Any CPU
		{2E842722-45C2-4DE5-883B-871FA9A6B28B}.Debug|Any CPU.ActiveCfg = Debug|Any CPU
		{2E842722-45C2-4DE5-883B-871FA9A6B28B}.Debug|Any CPU.Build.0 = Debug|Any CPU
		{2E842722-45C2-4DE5-883B-871FA9A6B28B}.Release|Any CPU.ActiveCfg = Release|Any CPU
		{2E842722-45C2-4DE5-883B-871FA9A6B28B}.Release|Any CPU.Build.0 = Release|Any CPU
		{9EEAF8C0-8D44-4BF7-A10A-9B1CE860DBD7}.Debug|Any CPU.ActiveCfg = Debug|Any CPU
		{9EEAF8C0-8D44-4BF7-A10A-9B1CE860DBD7}.Debug|Any CPU.Build.0 = Debug|Any CPU
		{9EEAF8C0-8D44-4BF7-A10A-9B1CE860DBD7}.Release|Any CPU.ActiveCfg = Release|Any CPU
		{9EEAF8C0-8D44-4BF7-A10A-9B1CE860DBD7}.Release|Any CPU.Build.0 = Release|Any CPU
		{130CE082-2499-478C-AD28-98C97A583969}.Debug|Any CPU.ActiveCfg = Debug|Any CPU
		{130CE082-2499-478C-AD28-98C97A583969}.Debug|Any CPU.Build.0 = Debug|Any CPU
		{130CE082-2499-478C-AD28-98C97A583969}.Release|Any CPU.ActiveCfg = Release|Any CPU
		{130CE082-2499-478C-AD28-98C97A583969}.Release|Any CPU.Build.0 = Release|Any CPU
		{1A98A169-5288-436A-8769-C27869C287D4}.Debug|Any CPU.ActiveCfg = Debug|Any CPU
		{1A98A169-5288-436A-8769-C27869C287D4}.Debug|Any CPU.Build.0 = Debug|Any CPU
		{1A98A169-5288-436A-8769-C27869C287D4}.Release|Any CPU.ActiveCfg = Release|Any CPU
		{1A98A169-5288-436A-8769-C27869C287D4}.Release|Any CPU.Build.0 = Release|Any CPU
		{8C7C46DF-9E15-4D92-92DF-16CBD53829B3}.Debug|Any CPU.ActiveCfg = Debug|Any CPU
		{8C7C46DF-9E15-4D92-92DF-16CBD53829B3}.Debug|Any CPU.Build.0 = Debug|Any CPU
		{8C7C46DF-9E15-4D92-92DF-16CBD53829B3}.Release|Any CPU.ActiveCfg = Release|Any CPU
		{8C7C46DF-9E15-4D92-92DF-16CBD53829B3}.Release|Any CPU.Build.0 = Release|Any CPU
		{59A601B3-808D-48E1-8894-5F951377D03E}.Debug|Any CPU.ActiveCfg = Debug|Any CPU
		{59A601B3-808D-48E1-8894-5F951377D03E}.Debug|Any CPU.Build.0 = Debug|Any CPU
		{59A601B3-808D-48E1-8894-5F951377D03E}.Release|Any CPU.ActiveCfg = Release|Any CPU
		{59A601B3-808D-48E1-8894-5F951377D03E}.Release|Any CPU.Build.0 = Release|Any CPU
		{5ACFDB3C-DA1C-43DB-B0F5-BEC463AE11E5}.Debug|Any CPU.ActiveCfg = Debug|Any CPU
		{5ACFDB3C-DA1C-43DB-B0F5-BEC463AE11E5}.Debug|Any CPU.Build.0 = Debug|Any CPU
		{5ACFDB3C-DA1C-43DB-B0F5-BEC463AE11E5}.Release|Any CPU.ActiveCfg = Release|Any CPU
		{5ACFDB3C-DA1C-43DB-B0F5-BEC463AE11E5}.Release|Any CPU.Build.0 = Release|Any CPU
		{4740B71B-B135-4323-BD97-5DFD02E6C6C3}.Debug|Any CPU.ActiveCfg = Debug|Any CPU
		{4740B71B-B135-4323-BD97-5DFD02E6C6C3}.Debug|Any CPU.Build.0 = Debug|Any CPU
		{4740B71B-B135-4323-BD97-5DFD02E6C6C3}.Release|Any CPU.ActiveCfg = Release|Any CPU
		{4740B71B-B135-4323-BD97-5DFD02E6C6C3}.Release|Any CPU.Build.0 = Release|Any CPU
		{391263CD-557B-4111-BA98-9B4E86DC733E}.Debug|Any CPU.ActiveCfg = Debug|Any CPU
		{391263CD-557B-4111-BA98-9B4E86DC733E}.Debug|Any CPU.Build.0 = Debug|Any CPU
		{391263CD-557B-4111-BA98-9B4E86DC733E}.Release|Any CPU.ActiveCfg = Release|Any CPU
		{391263CD-557B-4111-BA98-9B4E86DC733E}.Release|Any CPU.Build.0 = Release|Any CPU
		{03E7A68D-CEB0-4F0F-8A8D-DA5F3E092A1F}.Debug|Any CPU.ActiveCfg = Debug|Any CPU
		{03E7A68D-CEB0-4F0F-8A8D-DA5F3E092A1F}.Debug|Any CPU.Build.0 = Debug|Any CPU
		{03E7A68D-CEB0-4F0F-8A8D-DA5F3E092A1F}.Release|Any CPU.ActiveCfg = Release|Any CPU
		{03E7A68D-CEB0-4F0F-8A8D-DA5F3E092A1F}.Release|Any CPU.Build.0 = Release|Any CPU
		{E43BDDF0-11E5-4657-B428-A3ECD85133B3}.Debug|Any CPU.ActiveCfg = Debug|Any CPU
		{E43BDDF0-11E5-4657-B428-A3ECD85133B3}.Debug|Any CPU.Build.0 = Debug|Any CPU
		{E43BDDF0-11E5-4657-B428-A3ECD85133B3}.Release|Any CPU.ActiveCfg = Release|Any CPU
		{E43BDDF0-11E5-4657-B428-A3ECD85133B3}.Release|Any CPU.Build.0 = Release|Any CPU
		{17233A9A-4B27-4A1B-8773-A8C5AD18F1CF}.Debug|Any CPU.ActiveCfg = Debug|Any CPU
		{17233A9A-4B27-4A1B-8773-A8C5AD18F1CF}.Debug|Any CPU.Build.0 = Debug|Any CPU
		{17233A9A-4B27-4A1B-8773-A8C5AD18F1CF}.Release|Any CPU.ActiveCfg = Release|Any CPU
		{17233A9A-4B27-4A1B-8773-A8C5AD18F1CF}.Release|Any CPU.Build.0 = Release|Any CPU
		{F9E30FBB-779D-45FA-9F8D-CCD6F40BF013}.Debug|Any CPU.ActiveCfg = Debug|Any CPU
		{F9E30FBB-779D-45FA-9F8D-CCD6F40BF013}.Debug|Any CPU.Build.0 = Debug|Any CPU
		{F9E30FBB-779D-45FA-9F8D-CCD6F40BF013}.Release|Any CPU.ActiveCfg = Release|Any CPU
		{F9E30FBB-779D-45FA-9F8D-CCD6F40BF013}.Release|Any CPU.Build.0 = Release|Any CPU
		{4DC80D47-2881-4226-B4D2-EEFCCFE27A0F}.Debug|Any CPU.ActiveCfg = Debug|Any CPU
		{4DC80D47-2881-4226-B4D2-EEFCCFE27A0F}.Debug|Any CPU.Build.0 = Debug|Any CPU
		{4DC80D47-2881-4226-B4D2-EEFCCFE27A0F}.Release|Any CPU.ActiveCfg = Release|Any CPU
		{4DC80D47-2881-4226-B4D2-EEFCCFE27A0F}.Release|Any CPU.Build.0 = Release|Any CPU
		{7C20E97C-7824-4E21-9167-5916D1C483EF}.Debug|Any CPU.ActiveCfg = Debug|Any CPU
		{7C20E97C-7824-4E21-9167-5916D1C483EF}.Debug|Any CPU.Build.0 = Debug|Any CPU
		{7C20E97C-7824-4E21-9167-5916D1C483EF}.Release|Any CPU.ActiveCfg = Release|Any CPU
		{7C20E97C-7824-4E21-9167-5916D1C483EF}.Release|Any CPU.Build.0 = Release|Any CPU
		{F52AA97E-180A-40ED-8F2B-09080171D6C7}.Debug|Any CPU.ActiveCfg = Debug|Any CPU
		{F52AA97E-180A-40ED-8F2B-09080171D6C7}.Debug|Any CPU.Build.0 = Debug|Any CPU
		{F52AA97E-180A-40ED-8F2B-09080171D6C7}.Release|Any CPU.ActiveCfg = Release|Any CPU
		{F52AA97E-180A-40ED-8F2B-09080171D6C7}.Release|Any CPU.Build.0 = Release|Any CPU
	EndGlobalSection
	GlobalSection(SolutionProperties) = preSolution
		HideSolutionNode = FALSE
	EndGlobalSection
	GlobalSection(NestedProjects) = preSolution
		{9EEAF8C0-8D44-4BF7-A10A-9B1CE860DBD7} = {0EEAA7C1-A78E-45AF-87C9-6C30019D0B61}
		{59A601B3-808D-48E1-8894-5F951377D03E} = {0EEAA7C1-A78E-45AF-87C9-6C30019D0B61}
		{4740B71B-B135-4323-BD97-5DFD02E6C6C3} = {672FCAD5-9AF0-4D6B-B86C-7820E4A68B78}
		{391263CD-557B-4111-BA98-9B4E86DC733E} = {672FCAD5-9AF0-4D6B-B86C-7820E4A68B78}
	EndGlobalSection
	GlobalSection(ExtensibilityGlobals) = postSolution
		SolutionGuid = {97E5667E-6C3C-49F1-987A-3E646C37E7E6}
	EndGlobalSection
EndGlobal
