
Microsoft Visual Studio Solution File, Format Version 12.00
# Visual Studio 15
VisualStudioVersion = 15.0.28307.421
MinimumVisualStudioVersion = 10.0.40219.1
Project("{FAE04EC0-301F-11D3-BF4B-00C04F79EFBC}") = "CommonControls", "CommonControls\CommonControls.csproj", "{B8413FAD-6D5A-4F94-AE93-21B482FF5D7A}"
EndProject
Project("{FAE04EC0-301F-11D3-BF4B-00C04F79EFBC}") = "CommonMethods", "CommonMethods\CommonMethods.csproj", "{267C6D2A-2041-477A-AE04-668D32D8BB9E}"
EndProject
Project("{FAE04EC0-301F-11D3-BF4B-00C04F79EFBC}") = "Multithreading", "Multithreading\Multithreading.csproj", "{2E842722-45C2-4DE5-883B-871FA9A6B28B}"
EndProject
Project("{FAE04EC0-301F-11D3-BF4B-00C04F79EFBC}") = "Algorithm", "Algorithm\Algorithm.csproj", "{9EEAF8C0-8D44-4BF7-A10A-9B1CE860DBD7}"
EndProject
Global
	GlobalSection(SolutionConfigurationPlatforms) = preSolution
		Debug|Any CPU = Debug|Any CPU
		Release|Any CPU = Release|Any CPU
	EndGlobalSection
	GlobalSection(ProjectConfigurationPlatforms) = postSolution
		{B8413FAD-6D5A-4F94-AE93-21B482FF5D7A}.Debug|Any CPU.ActiveCfg = Debug|Any CPU
		{B8413FAD-6D5A-4F94-AE93-21B482FF5D7A}.Debug|Any CPU.Build.0 = Debug|Any CPU
		{B8413FAD-6D5A-4F94-AE93-21B482FF5D7A}.Release|Any CPU.ActiveCfg = Release|Any CPU
		{B8413FAD-6D5A-4F94-AE93-21B482FF5D7A}.Release|Any CPU.Build.0 = Release|Any CPU
		{267C6D2A-2041-477A-AE04-668D32D8BB9E}.Debug|Any CPU.ActiveCfg = Debug|Any CPU
		{267C6D2A-2041-477A-AE04-668D32D8BB9E}.Debug|Any CPU.Build.0 = Debug|Any CPU
		{267C6D2A-2041-477A-AE04-668D32D8BB9E}.Release|Any CPU.ActiveCfg = Release|Any CPU
		{267C6D2A-2041-477A-AE04-668D32D8BB9E}.Release|Any CPU.Build.0 = Release|Any CPU
		{2E842722-45C2-4DE5-883B-871FA9A6B28B}.Debug|Any CPU.ActiveCfg = Debug|Any CPU
		{2E842722-45C2-4DE5-883B-871FA9A6B28B}.Debug|Any CPU.Build.0 = Debug|Any CPU
		{2E842722-45C2-4DE5-883B-871FA9A6B28B}.Release|Any CPU.ActiveCfg = Release|Any CPU
		{2E842722-45C2-4DE5-883B-871FA9A6B28B}.Release|Any CPU.Build.0 = Release|Any CPU
		{9EEAF8C0-8D44-4BF7-A10A-9B1CE860DBD7}.Debug|Any CPU.ActiveCfg = Debug|Any CPU
		{9EEAF8C0-8D44-4BF7-A10A-9B1CE860DBD7}.Debug|Any CPU.Build.0 = Debug|Any CPU
		{9EEAF8C0-8D44-4BF7-A10A-9B1CE860DBD7}.Release|Any CPU.ActiveCfg = Release|Any CPU
		{9EEAF8C0-8D44-4BF7-A10A-9B1CE860DBD7}.Release|Any CPU.Build.0 = Release|Any CPU
	EndGlobalSection
	GlobalSection(SolutionProperties) = preSolution
		HideSolutionNode = FALSE
	EndGlobalSection
	GlobalSection(ExtensibilityGlobals) = postSolution
		SolutionGuid = {97E5667E-6C3C-49F1-987A-3E646C37E7E6}
	EndGlobalSection
EndGlobal
